trainme:
  cmd: python train.py
  deps:
  - path: users.csv
    md5: 5febbef14389ebcfc3e501fa1091adcb
  params:
    params.yaml:
      dense: 128
      epochs: 5
      log_file: plots.csv
  outs:
  - path: logs
    md5: 2cf828fcbe9b7deef4e54334b4fd6966.dir
  - path: plots.csv
    md5: 5f0723127aa44e12285532d3124b7a1a
  - path: summary.json
    md5: eeea0fa73e5a1c941517fd5ee43dcdf8
