trainme:
  cmd: python train.py
  deps:
  - path: users.csv
    md5: 5febbef14389ebcfc3e501fa1091adcb
  params:
    params.yaml:
      dense: 512
      epochs: 5
      log_file: plots.csv
  outs:
  - path: logs
    md5: 8dbdf8ac3b03573bf8ee835da306ea44.dir
  - path: plots.csv
    md5: 415ddb5d3f902de846b3cc6a2b56f0b4
  - path: summary.json
    md5: 553a14811deb8c3e846683c0689f40fb
