trainme:
  cmd: python train.py
  deps:
  - path: users.csv
    md5: 5febbef14389ebcfc3e501fa1091adcb
  params:
    params.yaml:
      dense: 512
      dropout: 0.1
      epochs: 7
      log_file: plots.csv
  outs:
  - path: logs
    md5: bec6f0af97ce2735e35c7cdd4b38f808.dir
  - path: plots.csv
    md5: 5f6feddd7958f7627bd51463e2735aba
  - path: summary.json
    md5: 1e355a35614e42d4bc79f86f01952bd5
